
Microsoft Visual Studio Solution File, Format Version 12.00
# Visual Studio Version 17
VisualStudioVersion = 17.11.35222.181
MinimumVisualStudioVersion = 10.0.40219.1
Project("{FAE04EC0-301F-11D3-BF4B-00C04F79EFBC}") = "WindowsFormsApp1", "WindowsFormsApp1\WindowsFormsApp1.csproj", "{C7162CEB-EED3-4BEC-B076-0EC8724CEE99}"
EndProject
Project("{FAE04EC0-301F-11D3-BF4B-00C04F79EFBC}") = "UnitTestProject1", "UnitTestProject1\UnitTestProject1.csproj", "{DEE675B4-4C1A-47D2-8BF8-40E27058742A}"
	ProjectSection(ProjectDependencies) = postProject
		{C7162CEB-EED3-4BEC-B076-0EC8724CEE99} = {C7162CEB-EED3-4BEC-B076-0EC8724CEE99}
	EndProjectSection
EndProject
Global
	GlobalSection(SolutionConfigurationPlatforms) = preSolution
		Debug|Any CPU = Debug|Any CPU
		Release|Any CPU = Release|Any CPU
	EndGlobalSection
	GlobalSection(ProjectConfigurationPlatforms) = postSolution
		{C7162CEB-EED3-4BEC-B076-0EC8724CEE99}.Debug|Any CPU.ActiveCfg = Debug|Any CPU
		{C7162CEB-EED3-4BEC-B076-0EC8724CEE99}.Debug|Any CPU.Build.0 = Debug|Any CPU
		{C7162CEB-EED3-4BEC-B076-0EC8724CEE99}.Release|Any CPU.ActiveCfg = Release|Any CPU
		{C7162CEB-EED3-4BEC-B076-0EC8724CEE99}.Release|Any CPU.Build.0 = Release|Any CPU
		{DEE675B4-4C1A-47D2-8BF8-40E27058742A}.Debug|Any CPU.ActiveCfg = Debug|Any CPU
		{DEE675B4-4C1A-47D2-8BF8-40E27058742A}.Debug|Any CPU.Build.0 = Debug|Any CPU
		{DEE675B4-4C1A-47D2-8BF8-40E27058742A}.Release|Any CPU.ActiveCfg = Release|Any CPU
		{DEE675B4-4C1A-47D2-8BF8-40E27058742A}.Release|Any CPU.Build.0 = Release|Any CPU
	EndGlobalSection
	GlobalSection(SolutionProperties) = preSolution
		HideSolutionNode = FALSE
	EndGlobalSection
	GlobalSection(ExtensibilityGlobals) = postSolution
		SolutionGuid = {2621B53B-F86B-4116-B1AA-797199F2E612}
	EndGlobalSection
EndGlobal
